
Microsoft Visual Studio Solution File, Format Version 12.00
# Visual Studio 2013
VisualStudioVersion = 12.0.0.0
MinimumVisualStudioVersion = 10.0.0.1
Project("{FAE04EC0-301F-11D3-BF4B-00C04F79EFBC}") = "BrainAnalyzer", "BrainAnalyzer/BrainAnalyzer.csproj", "{995753CF-6EA7-4FCC-BF84-C4824E4E0A21}"
EndProject
Project("{FAE04EC0-301F-11D3-BF4B-00C04F79EFBC}") = "EmulateServer", "EmulateServer\EmulateServer.csproj", "{3E326C4A-87F9-483E-9686-6877277A6A96}"
EndProject
Project("{FAE04EC0-301F-11D3-BF4B-00C04F79EFBC}") = "BrainDeviceCom", "BrainDeviceCom\BrainDeviceCom.csproj", "{774017D3-7BF1-44C6-A39B-88907E733AD8}"
EndProject
Project("{FAE04EC0-301F-11D3-BF4B-00C04F79EFBC}") = "BrainDataStoreService", "BrainDataStoreService\BrainDataStoreService.csproj", "{1AD81619-B821-453A-89AA-864EE5A112D9}"
EndProject
Global
	GlobalSection(SolutionConfigurationPlatforms) = preSolution
		Debug|Any CPU = Debug|Any CPU
		Release|Any CPU = Release|Any CPU
	EndGlobalSection
	GlobalSection(ProjectConfigurationPlatforms) = postSolution
		{995753CF-6EA7-4FCC-BF84-C4824E4E0A21}.Debug|Any CPU.ActiveCfg = Debug|Any CPU
		{995753CF-6EA7-4FCC-BF84-C4824E4E0A21}.Debug|Any CPU.Build.0 = Debug|Any CPU
		{995753CF-6EA7-4FCC-BF84-C4824E4E0A21}.Release|Any CPU.ActiveCfg = Release|Any CPU
		{995753CF-6EA7-4FCC-BF84-C4824E4E0A21}.Release|Any CPU.Build.0 = Release|Any CPU
		{3E326C4A-87F9-483E-9686-6877277A6A96}.Debug|Any CPU.ActiveCfg = Debug|Any CPU
		{3E326C4A-87F9-483E-9686-6877277A6A96}.Debug|Any CPU.Build.0 = Debug|Any CPU
		{3E326C4A-87F9-483E-9686-6877277A6A96}.Release|Any CPU.ActiveCfg = Release|Any CPU
		{3E326C4A-87F9-483E-9686-6877277A6A96}.Release|Any CPU.Build.0 = Release|Any CPU
		{774017D3-7BF1-44C6-A39B-88907E733AD8}.Debug|Any CPU.ActiveCfg = Debug|Any CPU
		{774017D3-7BF1-44C6-A39B-88907E733AD8}.Debug|Any CPU.Build.0 = Debug|Any CPU
		{774017D3-7BF1-44C6-A39B-88907E733AD8}.Release|Any CPU.ActiveCfg = Release|Any CPU
		{774017D3-7BF1-44C6-A39B-88907E733AD8}.Release|Any CPU.Build.0 = Release|Any CPU
		{1AD81619-B821-453A-89AA-864EE5A112D9}.Debug|Any CPU.ActiveCfg = Debug|Any CPU
		{1AD81619-B821-453A-89AA-864EE5A112D9}.Debug|Any CPU.Build.0 = Debug|Any CPU
		{1AD81619-B821-453A-89AA-864EE5A112D9}.Release|Any CPU.ActiveCfg = Release|Any CPU
		{1AD81619-B821-453A-89AA-864EE5A112D9}.Release|Any CPU.Build.0 = Release|Any CPU
	EndGlobalSection
	GlobalSection(SolutionProperties) = preSolution
		HideSolutionNode = FALSE
	EndGlobalSection
EndGlobal
